
Microsoft Visual Studio Solution File, Format Version 12.00
# Visual Studio Version 17
VisualStudioVersion = 17.10.34916.146
MinimumVisualStudioVersion = 10.0.40219.1
Project("{FAE04EC0-301F-11D3-BF4B-00C04F79EFBC}") = "Proyecto1 (CRUD)", "Proyecto1 (CRUD)\Proyecto1 (CRUD).csproj", "{4AA6262A-E4D1-4B20-BB7F-040DC8FE3F37}"
EndProject
Global
	GlobalSection(SolutionConfigurationPlatforms) = preSolution
		Debug|Any CPU = Debug|Any CPU
		Release|Any CPU = Release|Any CPU
	EndGlobalSection
	GlobalSection(ProjectConfigurationPlatforms) = postSolution
		{4AA6262A-E4D1-4B20-BB7F-040DC8FE3F37}.Debug|Any CPU.ActiveCfg = Debug|Any CPU
		{4AA6262A-E4D1-4B20-BB7F-040DC8FE3F37}.Debug|Any CPU.Build.0 = Debug|Any CPU
		{4AA6262A-E4D1-4B20-BB7F-040DC8FE3F37}.Release|Any CPU.ActiveCfg = Release|Any CPU
		{4AA6262A-E4D1-4B20-BB7F-040DC8FE3F37}.Release|Any CPU.Build.0 = Release|Any CPU
	EndGlobalSection
	GlobalSection(SolutionProperties) = preSolution
		HideSolutionNode = FALSE
	EndGlobalSection
	GlobalSection(ExtensibilityGlobals) = postSolution
		SolutionGuid = {1DC4C86E-7612-42F0-A6F1-EEE7D6017DC7}
	EndGlobalSection
EndGlobal
